version = 1
revision = 3
requires-python = ">=3.13"

[[package]]
name = "boto3"
version = "1.42.39"
source = { registry = "https://pypi.org/simple" }
dependencies = [
    { name = "botocore" },
    { name = "jmespath" },
    { name = "s3transfer" },
]
sdist = { url = "https://files.pythonhosted.org/packages/b8/ea/b96c77da49fed28744ee0347374d8223994a2b8570e76e8380a4064a8c4a/boto3-1.42.39.tar.gz", hash = "sha256:d03f82363314759eff7f84a27b9e6428125f89d8119e4588e8c2c1d79892c956", size = 112783, upload-time = "2026-01-30T20:38:31.226Z" }
wheels = [
    { url = "https://files.pythonhosted.org/packages/b2/c4/3493b5c86e32d6dd558b30d16b55503e24a6e6cd7115714bc102b247d26e/boto3-1.42.39-py3-none-any.whl", hash = "sha256:d9d6ce11df309707b490d2f5f785b761cfddfd6d1f665385b78c9d8ed097184b", size = 140606, upload-time = "2026-01-30T20:38:28.635Z" },
]

[[package]]
name = "boto3-stubs"
version = "1.42.39"
source = { registry = "https://pypi.org/simple" }
dependencies = [
    { name = "botocore-stubs" },
    { name = "types-s3transfer" },
]
sdist = { url = "https://files.pythonhosted.org/packages/bd/97/ae49a2b78402d7f9e3859cf86908d5abe53a85573d935fb6818a0cdc3e00/boto3_stubs-1.42.39.tar.gz", hash = "sha256:f41331e1830ed22e6524fa6e3f95897e99b0df790efb63798b3d43180f3985a1", size = 100851, upload-time = "2026-01-30T20:49:38.881Z" }
wheels = [
    { url = "https://files.pythonhosted.org/packages/44/28/040b36d4a0c58b20e8c313eea9cbe8b8c802de9179c12a64673afce9ff0c/boto3_stubs-1.42.39-py3-none-any.whl", hash = "sha256:45a0df8d43d7ba2acea9dbaec8109f4428e3c097d91b1a240f123cc4b4e60a4b", size = 69783, upload-time = "2026-01-30T20:49:29.53Z" },
]

[package.optional-dependencies]
essential = [
    { name = "mypy-boto3-cloudformation" },
    { name = "mypy-boto3-dynamodb" },
    { name = "mypy-boto3-ec2" },
    { name = "mypy-boto3-lambda" },
    { name = "mypy-boto3-rds" },
    { name = "mypy-boto3-s3" },
    { name = "mypy-boto3-sqs" },
]

[[package]]
name = "botocore"
version = "1.42.39"
source = { registry = "https://pypi.org/simple" }
dependencies = [
    { name = "jmespath" },
    { name = "python-dateutil" },
    { name = "urllib3" },
]
sdist = { url = "https://files.pythonhosted.org/packages/ac/a6/3a34d1b74effc0f759f5ff4e91c77729d932bc34dd3207905e9ecbba1103/botocore-1.42.39.tar.gz", hash = "sha256:0f00355050821e91a5fe6d932f7bf220f337249b752899e3e4cf6ed54326249e", size = 14914927, upload-time = "2026-01-30T20:38:19.265Z" }
wheels = [
    { url = "https://files.pythonhosted.org/packages/ef/71/9a2c88abb5fe47b46168b262254d5b5d635de371eba4bd01ea5c8c109575/botocore-1.42.39-py3-none-any.whl", hash = "sha256:9e0d0fed9226449cc26fcf2bbffc0392ac698dd8378e8395ce54f3ec13f81d58", size = 14591958, upload-time = "2026-01-30T20:38:14.814Z" },
]

[[package]]
name = "botocore-stubs"
version = "1.42.39"
source = { registry = "https://pypi.org/simple" }
dependencies = [
    { name = "types-awscrt" },
]
sdist = { url = "https://files.pythonhosted.org/packages/51/18/dfacc2b7fdbace7d85526e7ec3acabb79253495f58baa47c736e60f6f4a1/botocore_stubs-1.42.39.tar.gz", hash = "sha256:7a75265cd59fb93fea4a6a02ac5e90cbb44d14f182627ad58db1425690bc883d", size = 42413, upload-time = "2026-01-30T21:34:24.293Z" }
wheels = [
    { url = "https://files.pythonhosted.org/packages/5f/2e/cbcc97042679bdabc654a6e536e65581e4294a56e0b8bf87f455d95d77a9/botocore_stubs-1.42.39-py3-none-any.whl", hash = "sha256:5540aa52b5071f84e4edba4bdaffb7a24d02bd1272df534eb38289c0d9a3e22a", size = 66761, upload-time = "2026-01-30T21:34:22.366Z" },
]

[[package]]
name = "faker"
version = "40.1.2"
source = { registry = "https://pypi.org/simple" }
dependencies = [
    { name = "tzdata", marker = "sys_platform == 'win32'" },
]
sdist = { url = "https://files.pythonhosted.org/packages/5e/77/1c3ff07b6739b9a1d23ca01ec0a90a309a33b78e345a3eb52f9ce9240e36/faker-40.1.2.tar.gz", hash = "sha256:b76a68163aa5f171d260fc24827a8349bc1db672f6a665359e8d0095e8135d30", size = 1949802, upload-time = "2026-01-13T20:51:49.917Z" }
wheels = [
    { url = "https://files.pythonhosted.org/packages/46/ec/91a434c8a53d40c3598966621dea9c50512bec6ce8e76fa1751015e74cef/faker-40.1.2-py3-none-any.whl", hash = "sha256:93503165c165d330260e4379fd6dc07c94da90c611ed3191a0174d2ab9966a42", size = 1985633, upload-time = "2026-01-13T20:51:47.982Z" },
]

[[package]]
name = "jmespath"
version = "1.1.0"
source = { registry = "https://pypi.org/simple" }
sdist = { url = "https://files.pythonhosted.org/packages/d3/59/322338183ecda247fb5d1763a6cbe46eff7222eaeebafd9fa65d4bf5cb11/jmespath-1.1.0.tar.gz", hash = "sha256:472c87d80f36026ae83c6ddd0f1d05d4e510134ed462851fd5f754c8c3cbb88d", size = 27377, upload-time = "2026-01-22T16:35:26.279Z" }
wheels = [
    { url = "https://files.pythonhosted.org/packages/14/2f/967ba146e6d58cf6a652da73885f52fc68001525b4197effc174321d70b4/jmespath-1.1.0-py3-none-any.whl", hash = "sha256:a5663118de4908c91729bea0acadca56526eb2698e83de10cd116ae0f4e97c64", size = 20419, upload-time = "2026-01-22T16:35:24.919Z" },
]

[[package]]
name = "markdown-it-py"
version = "4.0.0"
source = { registry = "https://pypi.org/simple" }
dependencies = [
    { name = "mdurl" },
]
sdist = { url = "https://files.pythonhosted.org/packages/5b/f5/4ec618ed16cc4f8fb3b701563655a69816155e79e24a17b651541804721d/markdown_it_py-4.0.0.tar.gz", hash = "sha256:cb0a2b4aa34f932c007117b194e945bd74e0ec24133ceb5bac59009cda1cb9f3", size = 73070, upload-time = "2025-08-11T12:57:52.854Z" }
wheels = [
    { url = "https://files.pythonhosted.org/packages/94/54/e7d793b573f298e1c9013b8c4dade17d481164aa517d1d7148619c2cedbf/markdown_it_py-4.0.0-py3-none-any.whl", hash = "sha256:87327c59b172c5011896038353a81343b6754500a08cd7a4973bb48c6d578147", size = 87321, upload-time = "2025-08-11T12:57:51.923Z" },
]

[[package]]
name = "mdurl"
version = "0.1.2"
source = { registry = "https://pypi.org/simple" }
sdist = { url = "https://files.pythonhosted.org/packages/d6/54/cfe61301667036ec958cb99bd3efefba235e65cdeb9c84d24a8293ba1d90/mdurl-0.1.2.tar.gz", hash = "sha256:bb413d29f5eea38f31dd4754dd7377d4465116fb207585f97bf925588687c1ba", size = 8729, upload-time = "2022-08-14T12:40:10.846Z" }
wheels = [
    { url = "https://files.pythonhosted.org/packages/b3/38/89ba8ad64ae25be8de66a6d463314cf1eb366222074cfda9ee839c56a4b4/mdurl-0.1.2-py3-none-any.whl", hash = "sha256:84008a41e51615a49fc9966191ff91509e3c40b939176e643fd50a5c2196b8f8", size = 9979, upload-time = "2022-08-14T12:40:09.779Z" },
]

[[package]]
name = "mypy-boto3-cloudformation"
version = "1.42.3"
source = { registry = "https://pypi.org/simple" }
sdist = { url = "https://files.pythonhosted.org/packages/4c/6a/5a56081f693680fae9a0cf5d04358a9c69b7c06fc36605192acfcc70da75/mypy_boto3_cloudformation-1.42.3.tar.gz", hash = "sha256:3bd3849bc89a371d4c368691535b320244ba00579cddd63bb58b73f28d70e510", size = 61118, upload-time = "2025-12-04T20:57:30.382Z" }
wheels = [
    { url = "https://files.pythonhosted.org/packages/76/4b/97b5a89b5c5ca057180901859a7cea1f163e1bef1e1ccff61a731b0db6a0/mypy_boto3_cloudformation-1.42.3-py3-none-any.whl", hash = "sha256:d4c802dd78844f10e944143b9f40c2c1199ed5f57f3540ab7bfc2281ac5bcaf0", size = 72126, upload-time = "2025-12-04T20:57:27.664Z" },
]

[[package]]
name = "mypy-boto3-dynamodb"
version = "1.42.33"
source = { registry = "https://pypi.org/simple" }
sdist = { url = "https://files.pythonhosted.org/packages/2d/86/922720fa83c2d12a2ecb2a5132f34e19f176c5b608cf65fd8bae10972fca/mypy_boto3_dynamodb-1.42.33.tar.gz", hash = "sha256:a9dd48c4924356f72f250080a5fbefeac811df35817432db9ea446736788da86", size = 48522, upload-time = "2026-01-22T20:44:58.061Z" }
wheels = [
    { url = "https://files.pythonhosted.org/packages/49/c6/0f1951c411edf0af036a7bae4e4615089a23079268afac3f5af4d87c5f2b/mypy_boto3_dynamodb-1.42.33-py3-none-any.whl", hash = "sha256:79d783c9378d1baf1c1dab65aead1973afc4b63e23b254d5fc8c1ad805b33cd2", size = 58490, upload-time = "2026-01-22T20:44:54.706Z" },
]

[[package]]
name = "mypy-boto3-ec2"
version = "1.42.38"
source = { registry = "https://pypi.org/simple" }
sdist = { url = "https://files.pythonhosted.org/packages/59/b8/7319c77b2712aa11dc2a2bfe1a107b77dd174fdb967f75cbbab5528dac9c/mypy_boto3_ec2-1.42.38.tar.gz", hash = "sha256:9e2fe3678c539e754b9cf628ed0e32a431661960724838e30a02d42d6d2d32bd", size = 434200, upload-time = "2026-01-29T20:49:20.953Z" }
wheels = [
    { url = "https://files.pythonhosted.org/packages/d2/e1/6b101af79817aa1627f046f3e433cb5d178cff48361fb8e6f74eea0af73e/mypy_boto3_ec2-1.42.38-py3-none-any.whl", hash = "sha256:b7271acf07eac5dfd31ffa1488cdbf1b57a3027f169471c96ec0c4836a90ef8c", size = 424315, upload-time = "2026-01-29T20:49:16.844Z" },
]

[[package]]
name = "mypy-boto3-lambda"
version = "1.42.37"
source = { registry = "https://pypi.org/simple" }
sdist = { url = "https://files.pythonhosted.org/packages/f6/a8/caec8f9a196143f991c603b9364b0a1300b5c54d0c833c6c1dc792b3050c/mypy_boto3_lambda-1.42.37.tar.gz", hash = "sha256:94f7f0708f9b5ffa5b8b3eb6d564be1ef402ebb8b8cd96045332b7a3bc1ea0e0", size = 51821, upload-time = "2026-01-28T20:51:44.74Z" }
wheels = [
    { url = "https://files.pythonhosted.org/packages/b8/4c/d172fac61aa689c96fe286e7adb9774e5094f5c0a52fa1a6888699b47d7f/mypy_boto3_lambda-1.42.37-py3-none-any.whl", hash = "sha256:9614518cbe3c300d3d1e2d9c3d857c3829c44a8544c4cd4ca393d35181b22619", size = 60175, upload-time = "2026-01-28T20:51:39.865Z" },
]

[[package]]
name = "mypy-boto3-rds"
version = "1.42.28"
source = { registry = "https://pypi.org/simple" }
sdist = { url = "https://files.pythonhosted.org/packages/c7/4c/d67412654a92a3d2ce4ec88a232340e4c57a0c37ffe40c782865362498ac/mypy_boto3_rds-1.42.28.tar.gz", hash = "sha256:7195e8b6bb85c50f075d3e582580adbc87b982abcb9e7ab04b9b22d91356730e", size = 86136, upload-time = "2026-01-14T20:50:34.754Z" }
wheels = [
    { url = "https://files.pythonhosted.org/packages/27/46/34425ec59563d917e8118b70b0c3307c5b8b8c32b1f9fade28e9ebfbe8db/mypy_boto3_rds-1.42.28-py3-none-any.whl", hash = "sha256:c1c96bf90360a30d5f19869d20fda28be559a2a30c008c2da2d0ac0b06675655", size = 92847, upload-time = "2026-01-14T20:50:29.063Z" },
]

[[package]]
name = "mypy-boto3-s3"
version = "1.42.37"
source = { registry = "https://pypi.org/simple" }
sdist = { url = "https://files.pythonhosted.org/packages/e6/41/44066f4cd3421bacb6aad4ec7b1da8d0f8858560e526166db64d95fa7ad7/mypy_boto3_s3-1.42.37.tar.gz", hash = "sha256:628a4652f727870a07e1c3854d6f30dc545a7dd5a4b719a2c59c32a95d92e4c1", size = 76317, upload-time = "2026-01-28T20:51:52.971Z" }
wheels = [
    { url = "https://files.pythonhosted.org/packages/94/06/cb6050ecd72f5fa449bac80ad1a4711719367c4f545201317f36e3999784/mypy_boto3_s3-1.42.37-py3-none-any.whl", hash = "sha256:7c118665f3f583dbfde1013ce47908749f9d2a760f28f59ec65732306ee9cec9", size = 83439, upload-time = "2026-01-28T20:51:49.99Z" },
]

[[package]]
name = "mypy-boto3-sqs"
version = "1.42.3"
source = { registry = "https://pypi.org/simple" }
sdist = { url = "https://files.pythonhosted.org/packages/e8/e4/e326b1072218996c5cb4c3969eb4bbf1fb67a89937974febdebe7bf9d98a/mypy_boto3_sqs-1.42.3.tar.gz", hash = "sha256:699995b9a6f69a97c6d3e9126a76f06751e3b405640174fe7c20fe71d9ddc82a", size = 23267, upload-time = "2025-12-04T21:13:27.326Z" }
wheels = [
    { url = "https://files.pythonhosted.org/packages/00/fb/216fe53352b7f4abfafe25bb38a1cdba224b0280d552c789da592aa21bd2/mypy_boto3_sqs-1.42.3-py3-none-any.whl", hash = "sha256:a1f4ddf8f84112931a4814f0b5ff63e3ec026a07fbbc68e60bf15fa697dc214e", size = 33507, upload-time = "2025-12-04T21:13:23.725Z" },
]

[[package]]
name = "py4j"
version = "0.10.9.9"
source = { registry = "https://pypi.org/simple" }
sdist = { url = "https://files.pythonhosted.org/packages/38/31/0b210511177070c8d5d3059556194352e5753602fa64b85b7ab81ec1a009/py4j-0.10.9.9.tar.gz", hash = "sha256:f694cad19efa5bd1dee4f3e5270eb406613c974394035e5bfc4ec1aba870b879", size = 761089, upload-time = "2025-01-15T03:53:18.624Z" }
wheels = [
    { url = "https://files.pythonhosted.org/packages/bd/db/ea0203e495be491c85af87b66e37acfd3bf756fd985f87e46fc5e3bf022c/py4j-0.10.9.9-py2.py3-none-any.whl", hash = "sha256:c7c26e4158defb37b0bb124933163641a2ff6e3a3913f7811b0ddbe07ed61533", size = 203008, upload-time = "2025-01-15T03:53:15.648Z" },
]

[[package]]
name = "pygments"
version = "2.19.2"
source = { registry = "https://pypi.org/simple" }
sdist = { url = "https://files.pythonhosted.org/packages/b0/77/a5b8c569bf593b0140bde72ea885a803b82086995367bf2037de0159d924/pygments-2.19.2.tar.gz", hash = "sha256:636cb2477cec7f8952536970bc533bc43743542f70392ae026374600add5b887", size = 4968631, upload-time = "2025-06-21T13:39:12.283Z" }
wheels = [
    { url = "https://files.pythonhosted.org/packages/c7/21/705964c7812476f378728bdf590ca4b771ec72385c533964653c68e86bdc/pygments-2.19.2-py3-none-any.whl", hash = "sha256:86540386c03d588bb81d44bc3928634ff26449851e99741617ecb9037ee5ec0b", size = 1225217, upload-time = "2025-06-21T13:39:07.939Z" },
]

[[package]]
name = "pyspark"
version = "3.5.8"
source = { registry = "https://pypi.org/simple" }
dependencies = [
    { name = "py4j" },
]
sdist = { url = "https://files.pythonhosted.org/packages/80/5a/3806f44eb47387e8af803508cdd6bbc0df784febf4dc010700be04a1ff89/pyspark-3.5.8.tar.gz", hash = "sha256:54cca0767b21b40e3953ad1d30f8601c53abf9cbda763653289cdcfcac52313c", size = 317817299, upload-time = "2026-01-15T11:46:14.487Z" }

[[package]]
name = "python-dateutil"
version = "2.9.0.post0"
source = { registry = "https://pypi.org/simple" }
dependencies = [
    { name = "six" },
]
sdist = { url = "https://files.pythonhosted.org/packages/66/c0/0c8b6ad9f17a802ee498c46e004a0eb49bc148f2fd230864601a86dcf6db/python-dateutil-2.9.0.post0.tar.gz", hash = "sha256:37dd54208da7e1cd875388217d5e00ebd4179249f90fb72437e91a35459a0ad3", size = 342432, upload-time = "2024-03-01T18:36:20.211Z" }
wheels = [
    { url = "https://files.pythonhosted.org/packages/ec/57/56b9bcc3c9c6a792fcbaf139543cee77261f3651ca9da0c93f5c1221264b/python_dateutil-2.9.0.post0-py2.py3-none-any.whl", hash = "sha256:a8b2bc7bffae282281c8140a97d3aa9c14da0b136dfe83f850eea9a5f7470427", size = 229892, upload-time = "2024-03-01T18:36:18.57Z" },
]

[[package]]
name = "python-dotenv"
version = "1.2.1"
source = { registry = "https://pypi.org/simple" }
sdist = { url = "https://files.pythonhosted.org/packages/f0/26/19cadc79a718c5edbec86fd4919a6b6d3f681039a2f6d66d14be94e75fb9/python_dotenv-1.2.1.tar.gz", hash = "sha256:42667e897e16ab0d66954af0e60a9caa94f0fd4ecf3aaf6d2d260eec1aa36ad6", size = 44221, upload-time = "2025-10-26T15:12:10.434Z" }
wheels = [
    { url = "https://files.pythonhosted.org/packages/14/1b/a298b06749107c305e1fe0f814c6c74aea7b2f1e10989cb30f544a1b3253/python_dotenv-1.2.1-py3-none-any.whl", hash = "sha256:b81ee9561e9ca4004139c6cbba3a238c32b03e4894671e181b671e8cb8425d61", size = 21230, upload-time = "2025-10-26T15:12:09.109Z" },
]

[[package]]
name = "rich"
version = "14.3.1"
source = { registry = "https://pypi.org/simple" }
dependencies = [
    { name = "markdown-it-py" },
    { name = "pygments" },
]
sdist = { url = "https://files.pythonhosted.org/packages/a1/84/4831f881aa6ff3c976f6d6809b58cdfa350593ffc0dc3c58f5f6586780fb/rich-14.3.1.tar.gz", hash = "sha256:b8c5f568a3a749f9290ec6bddedf835cec33696bfc1e48bcfecb276c7386e4b8", size = 230125, upload-time = "2026-01-24T21:40:44.847Z" }
wheels = [
    { url = "https://files.pythonhosted.org/packages/87/2a/a1810c8627b9ec8c57ec5ec325d306701ae7be50235e8fd81266e002a3cc/rich-14.3.1-py3-none-any.whl", hash = "sha256:da750b1aebbff0b372557426fb3f35ba56de8ef954b3190315eb64076d6fb54e", size = 309952, upload-time = "2026-01-24T21:40:42.969Z" },
]

[[package]]
name = "s3path"
version = "0.6.5"
source = { registry = "https://pypi.org/simple" }
dependencies = [
    { name = "boto3" },
    { name = "smart-open" },
]
sdist = { url = "https://files.pythonhosted.org/packages/94/61/246ed47bc9861207c5da53eb73ea8862ad76902fe3c7c4a7ef86b7e4540e/s3path-0.6.5.tar.gz", hash = "sha256:91397e556f8fd9b000b8fc7eda876384ce279e7c8e77a3cb22407a5c9296393c", size = 36394, upload-time = "2026-01-24T17:05:14.839Z" }
wheels = [
    { url = "https://files.pythonhosted.org/packages/f8/8b/b0bfd562ed8c17c8f8d4bb2663627d6a39c8b76699d059074ec4f1c2a1a0/s3path-0.6.5-py3-none-any.whl", hash = "sha256:0d2beb07a41558dada544c427d2c590afd50d510fbe8b7d8940fa6e9de9dce70", size = 29578, upload-time = "2026-01-24T17:05:13.346Z" },
]

[[package]]
name = "s3transfer"
version = "0.16.0"
source = { registry = "https://pypi.org/simple" }
dependencies = [
    { name = "botocore" },
]
sdist = { url = "https://files.pythonhosted.org/packages/05/04/74127fc843314818edfa81b5540e26dd537353b123a4edc563109d8f17dd/s3transfer-0.16.0.tar.gz", hash = "sha256:8e990f13268025792229cd52fa10cb7163744bf56e719e0b9cb925ab79abf920", size = 153827, upload-time = "2025-12-01T02:30:59.114Z" }
wheels = [
    { url = "https://files.pythonhosted.org/packages/fc/51/727abb13f44c1fcf6d145979e1535a35794db0f6e450a0cb46aa24732fe2/s3transfer-0.16.0-py3-none-any.whl", hash = "sha256:18e25d66fed509e3868dc1572b3f427ff947dd2c56f844a5bf09481ad3f3b2fe", size = 86830, upload-time = "2025-12-01T02:30:57.729Z" },
]

[[package]]
name = "six"
version = "1.17.0"
source = { registry = "https://pypi.org/simple" }
sdist = { url = "https://files.pythonhosted.org/packages/94/e7/b2c673351809dca68a0e064b6af791aa332cf192da575fd474ed7d6f16a2/six-1.17.0.tar.gz", hash = "sha256:ff70335d468e7eb6ec65b95b99d3a2836546063f63acc5171de367e834932a81", size = 34031, upload-time = "2024-12-04T17:35:28.174Z" }
wheels = [
    { url = "https://files.pythonhosted.org/packages/b7/ce/149a00dd41f10bc29e5921b496af8b574d8413afcd5e30dfa0ed46c2cc5e/six-1.17.0-py2.py3-none-any.whl", hash = "sha256:4721f391ed90541fddacab5acf947aa0d3dc7d27b2e1e8eda2be8970586c3274", size = 11050, upload-time = "2024-12-04T17:35:26.475Z" },
]

[[package]]
name = "smart-open"
version = "7.5.0"
source = { registry = "https://pypi.org/simple" }
dependencies = [
    { name = "wrapt" },
]
sdist = { url = "https://files.pythonhosted.org/packages/67/9a/0a7acb748b86e2922982366d780ca4b16c33f7246fa5860d26005c97e4f3/smart_open-7.5.0.tar.gz", hash = "sha256:f394b143851d8091011832ac8113ea4aba6b92e6c35f6e677ddaaccb169d7cb9", size = 53920, upload-time = "2025-11-08T21:38:40.698Z" }
wheels = [
    { url = "https://files.pythonhosted.org/packages/ad/95/bc978be7ea0babf2fb48a414b6afaad414c6a9e8b1eafc5b8a53c030381a/smart_open-7.5.0-py3-none-any.whl", hash = "sha256:87e695c5148bbb988f15cec00971602765874163be85acb1c9fb8abc012e6599", size = 63940, upload-time = "2025-11-08T21:38:39.024Z" },
]

[[package]]
name = "streaming-practicum"
version = "0.1.0"
source = { virtual = "." }

[package.dev-dependencies]
consumer = [
    { name = "pyspark" },
    { name = "python-dotenv" },
    { name = "s3path" },
    { name = "structlog" },
]
dev = [
    { name = "boto3-stubs", extra = ["essential"] },
]
producer = [
    { name = "boto3" },
    { name = "faker" },
    { name = "python-dotenv" },
    { name = "rich" },
    { name = "s3path" },
    { name = "structlog" },
]

[package.metadata]

[package.metadata.requires-dev]
consumer = [
    { name = "pyspark", specifier = ">=3.5.0,<3.6.0" },
    { name = "python-dotenv", specifier = ">=1.2.1" },
    { name = "s3path", specifier = ">=0.6.5" },
    { name = "structlog", specifier = ">=25.5.0" },
]
dev = [{ name = "boto3-stubs", extras = ["essential"], specifier = ">=1.42.39" }]
producer = [
    { name = "boto3", specifier = ">=1.42.39" },
    { name = "faker", specifier = ">=40.1.2" },
    { name = "python-dotenv", specifier = ">=1.2.1" },
    { name = "rich", specifier = ">=14.3.1" },
    { name = "s3path", specifier = ">=0.6.5" },
    { name = "structlog", specifier = ">=25.5.0" },
]

[[package]]
name = "structlog"
version = "25.5.0"
source = { registry = "https://pypi.org/simple" }
sdist = { url = "https://files.pythonhosted.org/packages/ef/52/9ba0f43b686e7f3ddfeaa78ac3af750292662284b3661e91ad5494f21dbc/structlog-25.5.0.tar.gz", hash = "sha256:098522a3bebed9153d4570c6d0288abf80a031dfdb2048d59a49e9dc2190fc98", size = 1460830, upload-time = "2025-10-27T08:28:23.028Z" }
wheels = [
    { url = "https://files.pythonhosted.org/packages/a8/45/a132b9074aa18e799b891b91ad72133c98d8042c70f6240e4c5f9dabee2f/structlog-25.5.0-py3-none-any.whl", hash = "sha256:a8453e9b9e636ec59bd9e79bbd4a72f025981b3ba0f5837aebf48f02f37a7f9f", size = 72510, upload-time = "2025-10-27T08:28:21.535Z" },
]

[[package]]
name = "types-awscrt"
version = "0.31.1"
source = { registry = "https://pypi.org/simple" }
sdist = { url = "https://files.pythonhosted.org/packages/97/be/589b7bba42b5681a72bac4d714287afef4e1bb84d07c859610ff631d449e/types_awscrt-0.31.1.tar.gz", hash = "sha256:08b13494f93f45c1a92eb264755fce50ed0d1dc75059abb5e31670feb9a09724", size = 17839, upload-time = "2026-01-16T02:01:23.394Z" }
wheels = [
    { url = "https://files.pythonhosted.org/packages/5e/fd/ddca80617f230bd833f99b4fb959abebffd8651f520493cae2e96276b1bd/types_awscrt-0.31.1-py3-none-any.whl", hash = "sha256:7e4364ac635f72bd57f52b093883640b1448a6eded0ecbac6e900bf4b1e4777b", size = 42516, upload-time = "2026-01-16T02:01:21.637Z" },
]

[[package]]
name = "types-s3transfer"
version = "0.16.0"
source = { registry = "https://pypi.org/simple" }
sdist = { url = "https://files.pythonhosted.org/packages/fe/64/42689150509eb3e6e82b33ee3d89045de1592488842ddf23c56957786d05/types_s3transfer-0.16.0.tar.gz", hash = "sha256:b4636472024c5e2b62278c5b759661efeb52a81851cde5f092f24100b1ecb443", size = 13557, upload-time = "2025-12-08T08:13:09.928Z" }
wheels = [
    { url = "https://files.pythonhosted.org/packages/98/27/e88220fe6274eccd3bdf95d9382918716d312f6f6cef6a46332d1ee2feff/types_s3transfer-0.16.0-py3-none-any.whl", hash = "sha256:1c0cd111ecf6e21437cb410f5cddb631bfb2263b77ad973e79b9c6d0cb24e0ef", size = 19247, upload-time = "2025-12-08T08:13:08.426Z" },
]

[[package]]
name = "tzdata"
version = "2025.3"
source = { registry = "https://pypi.org/simple" }
sdist = { url = "https://files.pythonhosted.org/packages/5e/a7/c202b344c5ca7daf398f3b8a477eeb205cf3b6f32e7ec3a6bac0629ca975/tzdata-2025.3.tar.gz", hash = "sha256:de39c2ca5dc7b0344f2eba86f49d614019d29f060fc4ebc8a417896a620b56a7", size = 196772, upload-time = "2025-12-13T17:45:35.667Z" }
wheels = [
    { url = "https://files.pythonhosted.org/packages/c7/b0/003792df09decd6849a5e39c28b513c06e84436a54440380862b5aeff25d/tzdata-2025.3-py2.py3-none-any.whl", hash = "sha256:06a47e5700f3081aab02b2e513160914ff0694bce9947d6b76ebd6bf57cfc5d1", size = 348521, upload-time = "2025-12-13T17:45:33.889Z" },
]

[[package]]
name = "urllib3"
version = "2.6.3"
source = { registry = "https://pypi.org/simple" }
sdist = { url = "https://files.pythonhosted.org/packages/c7/24/5f1b3bdffd70275f6661c76461e25f024d5a38a46f04aaca912426a2b1d3/urllib3-2.6.3.tar.gz", hash = "sha256:1b62b6884944a57dbe321509ab94fd4d3b307075e0c2eae991ac71ee15ad38ed", size = 435556, upload-time = "2026-01-07T16:24:43.925Z" }
wheels = [
    { url = "https://files.pythonhosted.org/packages/39/08/aaaad47bc4e9dc8c725e68f9d04865dbcb2052843ff09c97b08904852d84/urllib3-2.6.3-py3-none-any.whl", hash = "sha256:bf272323e553dfb2e87d9bfd225ca7b0f467b919d7bbd355436d3fd37cb0acd4", size = 131584, upload-time = "2026-01-07T16:24:42.685Z" },
]

[[package]]
name = "wrapt"
version = "2.1.0"
source = { registry = "https://pypi.org/simple" }
sdist = { url = "https://files.pythonhosted.org/packages/86/31/afb4cf08b9892430ec419a3f0f469fb978cb013f4432e0edb9c2cf06f081/wrapt-2.1.0.tar.gz", hash = "sha256:757ff1de7e1d8db1839846672aaecf4978af433cc57e808255b83980e9651914", size = 80924, upload-time = "2026-01-31T23:25:58.917Z" }
wheels = [
    { url = "https://files.pythonhosted.org/packages/30/93/b414826a5aaf2fdcfe73c2e649cbeb2e098fef4820d1217554ee64f45666/wrapt-2.1.0-cp313-cp313-macosx_10_13_x86_64.whl", hash = "sha256:875a10a6f3b667f90a39010af26acf684ba831d9b18a86b242899d57c74550fa", size = 61155, upload-time = "2026-01-31T23:26:24.462Z" },
    { url = "https://files.pythonhosted.org/packages/58/9e/8b21ea776bf2a3c858e3377ecde4b348893ec44dc1726baaf583ca22c56e/wrapt-2.1.0-cp313-cp313-macosx_11_0_arm64.whl", hash = "sha256:e00f8559ceac0fb45091daad5f15d37f2c22bdc28ed71521d47ff01aad8fff3d", size = 61747, upload-time = "2026-01-31T23:25:53.987Z" },
    { url = "https://files.pythonhosted.org/packages/da/ec/48cd2470ad09557dfe6fccfe9de98698cc0df3786a6d4d97e8edd574d67a/wrapt-2.1.0-cp313-cp313-manylinux1_x86_64.manylinux_2_28_x86_64.manylinux_2_5_x86_64.whl", hash = "sha256:ce0cf4c79c19904aaf2e822af280d7b3c23ad902f57e31c5a19433bc86e5d36d", size = 121342, upload-time = "2026-01-31T23:26:32.156Z" },
    { url = "https://files.pythonhosted.org/packages/3b/4e/e8447b31be27b6057cdfc904a38632a765c3407fb4d10d11e5c1d0c203d5/wrapt-2.1.0-cp313-cp313-manylinux2014_aarch64.manylinux_2_17_aarch64.manylinux_2_28_aarch64.whl", hash = "sha256:d3dd4f8c2256fcde1a85037a1837afc52e8d32d086fd669ae469455fd9a988d6", size = 122951, upload-time = "2026-01-31T23:25:08.936Z" },
    { url = "https://files.pythonhosted.org/packages/7e/b6/73a6c9277e844ffe11f3002ad27a84ff5418248def33af9435d24dfe6c5b/wrapt-2.1.0-cp313-cp313-musllinux_1_2_aarch64.whl", hash = "sha256:737e1e491473047cb66944b8b8fd23f3f542019afd6cf0569d1356d18a7ea6d5", size = 121373, upload-time = "2026-01-31T23:26:18.322Z" },
    { url = "https://files.pythonhosted.org/packages/85/04/869384435fecf829dc05621ffa02dab0f2f830be5d42fa8d8ac7b0b4c9fa/wrapt-2.1.0-cp313-cp313-musllinux_1_2_x86_64.whl", hash = "sha256:38de19e30e266c15d542ceb0603e657db4e82c53e7f47fd70674ae5da2b41180", size = 120468, upload-time = "2026-01-31T23:25:13.689Z" },
    { url = "https://files.pythonhosted.org/packages/80/ac/42a5378d9b5b486122ae0572c46ae8d69ab6486b9f13961e6b9706297ff5/wrapt-2.1.0-cp313-cp313-win32.whl", hash = "sha256:bc7d496b6e16bd2f77e37e8969b21a7b58d6954e46c6689986fb67b9078100e5", size = 58095, upload-time = "2026-01-31T23:26:33.481Z" },
    { url = "https://files.pythonhosted.org/packages/86/de/538fcef30f70a1aaadab4cab7d0396037518d7ec2b064557171147ce297f/wrapt-2.1.0-cp313-cp313-win_amd64.whl", hash = "sha256:57df799e67b011847ef7ac64b05ed4633e56b64e7e7cab5eb83dc9689dbe0acf", size = 60344, upload-time = "2026-01-31T23:25:10.615Z" },
    { url = "https://files.pythonhosted.org/packages/08/13/27884668b21e9f0a625c13ebd6a8d70ad8371250ec8519881858404686bf/wrapt-2.1.0-cp313-cp313-win_arm64.whl", hash = "sha256:01559d2961c29edc6263849fd9d32b29a20737da67648c7fd752a67bd96208c7", size = 58734, upload-time = "2026-01-31T23:26:00.099Z" },
    { url = "https://files.pythonhosted.org/packages/c9/a3/e558c5b8f3a097aa1e942e2d75923adebfdfafb5a51ec425d1d062e49ab0/wrapt-2.1.0-cp313-cp313t-macosx_10_13_x86_64.whl", hash = "sha256:66f588c8b3a44863156cfaccb516f946a64b3b03a6880822ab0b878135ca1f5c", size = 62972, upload-time = "2026-01-31T23:26:08.576Z" },
    { url = "https://files.pythonhosted.org/packages/93/b6/7157e98107099fad846f1e79308cc0954e26b25b01c03f1624ba7f57ec54/wrapt-2.1.0-cp313-cp313t-macosx_11_0_arm64.whl", hash = "sha256:355779ff720c11a2a5cffd03332dbce1005cb4747dca65b0fc8cdd5f8bf1037e", size = 63610, upload-time = "2026-01-31T23:26:39.9Z" },
    { url = "https://files.pythonhosted.org/packages/e4/8e/b8992671e4b4d3ce2a53af930588c204bf37b66eb212bd1722f2a5a8cf62/wrapt-2.1.0-cp313-cp313t-manylinux1_x86_64.manylinux_2_28_x86_64.manylinux_2_5_x86_64.whl", hash = "sha256:7a0471df3fb4e85a9ff62f7142cdb169e31172467cdb79a713f9b1319c555903", size = 152538, upload-time = "2026-01-31T23:26:27.696Z" },
    { url = "https://files.pythonhosted.org/packages/8c/f6/79f9fd4b3c0a8715e651fff1cc1182a983fd971376d5688a06fa94e31acd/wrapt-2.1.0-cp313-cp313t-manylinux2014_aarch64.manylinux_2_17_aarch64.manylinux_2_28_aarch64.whl", hash = "sha256:5bacf063143fa86f15b00a21259a81c95c527a18d504b8c820835366d361c879", size = 158702, upload-time = "2026-01-31T23:25:11.848Z" },
    { url = "https://files.pythonhosted.org/packages/9e/46/f88b52beb813eeb830d9134bc6eaf3e53cde4e3cfa1804e383754d4104fe/wrapt-2.1.0-cp313-cp313t-musllinux_1_2_aarch64.whl", hash = "sha256:c87cd4f61a3b7cd65113e74006e1cd6352b74807fcc65d440e8342f001f8de5e", size = 155564, upload-time = "2026-01-31T23:25:15.033Z" },
    { url = "https://files.pythonhosted.org/packages/93/31/97145ea71e3e5a1b419af5c410b07b258155dc7cc1a6302791a93e991c83/wrapt-2.1.0-cp313-cp313t-musllinux_1_2_x86_64.whl", hash = "sha256:2893498fe898719ac8fb6b4fe36ca86892bec1e2480d94e3bd1bc592c00527ad", size = 150165, upload-time = "2026-01-31T23:26:09.848Z" },
    { url = "https://files.pythonhosted.org/packages/10/bd/f33551d5bfbb0ddab81296cffc15570570039a973c0f99bba474be0fadf2/wrapt-2.1.0-cp313-cp313t-win32.whl", hash = "sha256:cbc07f101f5f1e7c23ec06a07e45715f459de992108eeb381b21b76d94dbaf4f", size = 59785, upload-time = "2026-01-31T23:25:52.23Z" },
    { url = "https://files.pythonhosted.org/packages/5f/3a/9a76be7a36442f43841bb6336e262e09a915b2fb5dfc2822ffce1fb903d2/wrapt-2.1.0-cp313-cp313t-win_amd64.whl", hash = "sha256:2ccc89cd504fc29c32f0b24046e8edf3ef0fcbc5d5efe8c91b303c099863d2c8", size = 63085, upload-time = "2026-01-31T23:26:05.363Z" },
    { url = "https://files.pythonhosted.org/packages/7a/35/65a13c2df008d189ebca5fec534011c5dd69ab4f47e6923b403321816fbf/wrapt-2.1.0-cp313-cp313t-win_arm64.whl", hash = "sha256:0b660be1c9cdfb4c711baab4ccbd0e9d1b65a0480d38729ec8cdbf3b29cb7f15", size = 60254, upload-time = "2026-01-31T23:25:06.052Z" },
    { url = "https://files.pythonhosted.org/packages/6f/eb/7c9eb1ea9b10ea98d9983a147c877a2ae927acb4a86e2dc4a0b548f05ad1/wrapt-2.1.0-cp314-cp314-macosx_10_15_x86_64.whl", hash = "sha256:7f7bf95bae7ac5f2bbcb307464b3b0ff70569dd3b036a87b1cf7efb2c76e66e5", size = 61316, upload-time = "2026-01-31T23:25:20.739Z" },
    { url = "https://files.pythonhosted.org/packages/6d/c2/1c3d16d6b644f688913a00e2dc10f59adca817b5b3ee034ce4e9a692ab63/wrapt-2.1.0-cp314-cp314-macosx_11_0_arm64.whl", hash = "sha256:be2f541a242818829526e5d08c716b6730970ed0dc1b76ba962a546947d0f005", size = 61813, upload-time = "2026-01-31T23:25:49.714Z" },
    { url = "https://files.pythonhosted.org/packages/8c/51/b6170084b6b771cc62374d924e328df2e81f687399a835f003497cad1110/wrapt-2.1.0-cp314-cp314-manylinux1_x86_64.manylinux_2_28_x86_64.manylinux_2_5_x86_64.whl", hash = "sha256:ad3aa174d06a14b4758d5a1678b9adde8b8e657c6695de9a3d4c223f4fcbbcce", size = 120309, upload-time = "2026-01-31T23:25:16.866Z" },
    { url = "https://files.pythonhosted.org/packages/f8/34/467829f0dd79f50878b2e67b67c67c816a6326a27d252d4192ef815b4a09/wrapt-2.1.0-cp314-cp314-manylinux2014_aarch64.manylinux_2_17_aarch64.manylinux_2_28_aarch64.whl", hash = "sha256:bffa584240d41bc3127510e07a752f94223d73bb1283ac2e99ac44235762efd2", size = 122690, upload-time = "2026-01-31T23:26:16.914Z" },
    { url = "https://files.pythonhosted.org/packages/df/5b/244c61a65e0bc9d4a18cfa2a2b3b05f8065290284fc60436a7ea5047ee10/wrapt-2.1.0-cp314-cp314-musllinux_1_2_aarch64.whl", hash = "sha256:9b2da9c8f1723994b335dbf9f496fbfabc76bcdd001f73772b8eb2118a714cea", size = 121115, upload-time = "2026-01-31T23:26:44.518Z" },
    { url = "https://files.pythonhosted.org/packages/86/7d/f9b5e103d3caf23a72c04a1baf2b61c4a14d1feb440d3c98c26725b4503a/wrapt-2.1.0-cp314-cp314-musllinux_1_2_x86_64.whl", hash = "sha256:eabe95ea5fbe1524a53c0f3fc535c99f2aa376ec1451b0b79d943d2240d80e36", size = 119487, upload-time = "2026-01-31T23:25:34.186Z" },
    { url = "https://files.pythonhosted.org/packages/f8/49/b61fdc4680dd5cd6828977341b9fd729e2c623338bfe65647f5c0ff8195e/wrapt-2.1.0-cp314-cp314-win32.whl", hash = "sha256:2cd647097df1df78f027ac7d5d663f05daa1a117b69cf7f476cb299f90557747", size = 58519, upload-time = "2026-01-31T23:25:04.426Z" },
    { url = "https://files.pythonhosted.org/packages/6a/4f/42ab43e496d0d19caed9f69366d0f28f7f08c139297e78b17dab6ecbb6d5/wrapt-2.1.0-cp314-cp314-win_amd64.whl", hash = "sha256:c0fc3e388a14ef8101c685dc80b4d2932924a639a03e5c44b5ffabbda2f1f2dc", size = 60767, upload-time = "2026-01-31T23:25:21.954Z" },
    { url = "https://files.pythonhosted.org/packages/ef/15/0337768ac97a8758bc0fc1afdf5f656075a7facf198f62bbe8a22b789277/wrapt-2.1.0-cp314-cp314-win_arm64.whl", hash = "sha256:7c06653908a23a85c4b2455b9d37c085f9756c09058df87b4a2fce2b2f8d58c2", size = 59056, upload-time = "2026-01-31T23:26:25.814Z" },
    { url = "https://files.pythonhosted.org/packages/d6/f1/58f4674d1db44912003a51b34e8d9823a832fbbb39162e9dbe06e5f6424e/wrapt-2.1.0-cp314-cp314t-macosx_10_15_x86_64.whl", hash = "sha256:c70b4829c6f2f4af4cdaa16442032fcaf882063304160555e4a19b43fd2c6c9d", size = 63061, upload-time = "2026-01-31T23:26:06.601Z" },
    { url = "https://files.pythonhosted.org/packages/02/c1/07f6bf6619285f39cd616314217170c6160da99a46ad6ae4a60044f6ab5a/wrapt-2.1.0-cp314-cp314t-macosx_11_0_arm64.whl", hash = "sha256:d7fd4c4ee51ebdf245549d54a7c2181a4f39caac97c9dc8a050b5ba814067a29", size = 63620, upload-time = "2026-01-31T23:25:30.326Z" },
    { url = "https://files.pythonhosted.org/packages/46/82/f7df1648762260f60c4e22c066a17d95f20267c94bfe653fab4f08e2c297/wrapt-2.1.0-cp314-cp314t-manylinux1_x86_64.manylinux_2_28_x86_64.manylinux_2_5_x86_64.whl", hash = "sha256:a7b158558438874e5fd5cb505b5a635bd08c84857bc937973d9e12e1166cdf3b", size = 152546, upload-time = "2026-01-31T23:25:02.102Z" },
    { url = "https://files.pythonhosted.org/packages/78/b7/d953336e09bac13a9ffa9073e167c5dec8aaa4a717a8551bf64cb4683590/wrapt-2.1.0-cp314-cp314t-manylinux2014_aarch64.manylinux_2_17_aarch64.manylinux_2_28_aarch64.whl", hash = "sha256:3e2e156fe2d41700b837be9b1d8d80ebab44e9891589bc7c41578ef110184e29", size = 158704, upload-time = "2026-01-31T23:25:43.269Z" },
    { url = "https://files.pythonhosted.org/packages/39/a1/2ed57e46b30af2a5a750c85a9dd30d2244ef10e2f8db150560126d8cbd24/wrapt-2.1.0-cp314-cp314t-musllinux_1_2_aarch64.whl", hash = "sha256:9f1e9bac6a6c1ba65e0ac50e32c575266734a07b6c17e718c4babd91e2faa69b", size = 155563, upload-time = "2026-01-31T23:25:39.17Z" },
    { url = "https://files.pythonhosted.org/packages/d0/8c/4f54f7ea5addf208be44459393185aaa193bd2d0b8ecf4683b159fcc5238/wrapt-2.1.0-cp314-cp314t-musllinux_1_2_x86_64.whl", hash = "sha256:12687e6271df7ae5706bee44cc1f77fecb7805976ec9f14f58381b30ae2aceb5", size = 150189, upload-time = "2026-01-31T23:25:44.654Z" },
    { url = "https://files.pythonhosted.org/packages/b7/cc/e8290a1cd94297fbc1e9fbad06481b5a7c918f2db6645c550f05ee47f359/wrapt-2.1.0-cp314-cp314t-win32.whl", hash = "sha256:38bbe336ee32f67eb99f886bd4f040d91310b7e660061bb03b9083d26e8cf915", size = 60431, upload-time = "2026-01-31T23:25:48.34Z" },
    { url = "https://files.pythonhosted.org/packages/d0/df/af5d244938853e3adb1251ca1397e9fa78d3e92adc808a0af0a8547585d3/wrapt-2.1.0-cp314-cp314t-win_amd64.whl", hash = "sha256:0fa64a9a07df7f85b352adc42b43e7f44085fb11191b8f5b9b77219f7aaf7e17", size = 63859, upload-time = "2026-01-31T23:26:23.2Z" },
    { url = "https://files.pythonhosted.org/packages/39/c4/28b6f2804e8bc05d17114dfed03a80bce5b83ca2113fd44eecbef12275d1/wrapt-2.1.0-cp314-cp314t-win_arm64.whl", hash = "sha256:da379cbdf3b7d97ace33a69a391b7a7e2130b1aca94dc447246217994233974c", size = 60446, upload-time = "2026-01-31T23:25:41.001Z" },
    { url = "https://files.pythonhosted.org/packages/57/e9/70983b75d4abd6f85cffc6df79c623220ec5a579ceaacabac35c904b7b52/wrapt-2.1.0-py3-none-any.whl", hash = "sha256:e035693a0d25ea5bf5826df3e203dff7d091b0d5442aaefec9ca8f2bab38417f", size = 43886, upload-time = "2026-01-31T23:25:07.22Z" },
]
